// !$*UTF8*$!
{
	archiveVersion = 1;
	classes = {
	};
	objectVersion = 50;
	objects = {

/* Begin PBXBuildFile section */
		50A0AC172387A8720077FB5C /* AppDelegate.m in Sources */ = {isa = PBXBuildFile; fileRef = 50A0AC162387A8720077FB5C /* AppDelegate.m */; };
		50A0AC1A2387A8720077FB5C /* SceneDelegate.m in Sources */ = {isa = PBXBuildFile; fileRef = 50A0AC192387A8720077FB5C /* SceneDelegate.m */; };
		50A0AC1D2387A8720077FB5C /* ViewController.m in Sources */ = {isa = PBXBuildFile; fileRef = 50A0AC1C2387A8720077FB5C /* ViewController.m */; };
		50A0AC202387A8720077FB5C /* Main.storyboard in Resources */ = {isa = PBXBuildFile; fileRef = 50A0AC1E2387A8720077FB5C /* Main.storyboard */; };
		50A0AC222387A8730077FB5C /* Assets.xcassets in Resources */ = {isa = PBXBuildFile; fileRef = 50A0AC212387A8730077FB5C /* Assets.xcassets */; };
		50A0AC252387A8730077FB5C /* LaunchScreen.storyboard in Resources */ = {isa = PBXBuildFile; fileRef = 50A0AC232387A8730077FB5C /* LaunchScreen.storyboard */; };
		50A0AC282387A8730077FB5C /* main.m in Sources */ = {isa = PBXBuildFile; fileRef = 50A0AC272387A8730077FB5C /* main.m */; };
		50A0AC322387A8730077FB5C /* UITextFieldTextTests.m in Sources */ = {isa = PBXBuildFile; fileRef = 50A0AC312387A8730077FB5C /* UITextFieldTextTests.m */; };
		50A0AC3D2387A8730077FB5C /* UITextFieldTextUITests.m in Sources */ = {isa = PBXBuildFile; fileRef = 50A0AC3C2387A8730077FB5C /* UITextFieldTextUITests.m */; };
/* End PBXBuildFile section */

/* Begin PBXContainerItemProxy section */
		50A0AC2E2387A8730077FB5C /* PBXContainerItemProxy */ = {
			isa = PBXContainerItemProxy;
			containerPortal = 50A0AC0A2387A8720077FB5C /* Project object */;
			proxyType = 1;
			remoteGlobalIDString = 50A0AC112387A8720077FB5C;
			remoteInfo = UITextFieldText;
		};
		50A0AC392387A8730077FB5C /* PBXContainerItemProxy */ = {
			isa = PBXContainerItemProxy;
			containerPortal = 50A0AC0A2387A8720077FB5C /* Project object */;
			proxyType = 1;
			remoteGlobalIDString = 50A0AC112387A8720077FB5C;
			remoteInfo = UITextFieldText;
		};
/* End PBXContainerItemProxy section */

/* Begin PBXFileReference section */
		50A0AC122387A8720077FB5C /* UITextFieldText.app */ = {isa = PBXFileReference; explicitFileType = wrapper.application; includeInIndex = 0; path = UITextFieldText.app; sourceTree = BUILT_PRODUCTS_DIR; };
		50A0AC152387A8720077FB5C /* AppDelegate.h */ = {isa = PBXFileReference; lastKnownFileType = sourcecode.c.h; path = AppDelegate.h; sourceTree = "<group>"; };
		50A0AC162387A8720077FB5C /* AppDelegate.m */ = {isa = PBXFileReference; lastKnownFileType = sourcecode.c.objc; path = AppDelegate.m; sourceTree = "<group>"; };
		50A0AC182387A8720077FB5C /* SceneDelegate.h */ = {isa = PBXFileReference; lastKnownFileType = sourcecode.c.h; path = SceneDelegate.h; sourceTree = "<group>"; };
		50A0AC192387A8720077FB5C /* SceneDelegate.m */ = {isa = PBXFileReference; lastKnownFileType = sourcecode.c.objc; path = SceneDelegate.m; sourceTree = "<group>"; };
		50A0AC1B2387A8720077FB5C /* ViewController.h */ = {isa = PBXFileReference; lastKnownFileType = sourcecode.c.h; path = ViewController.h; sourceTree = "<group>"; };
		50A0AC1C2387A8720077FB5C /* ViewController.m */ = {isa = PBXFileReference; lastKnownFileType = sourcecode.c.objc; path = ViewController.m; sourceTree = "<group>"; };
		50A0AC1F2387A8720077FB5C /* Base */ = {isa = PBXFileReference; lastKnownFileType = file.storyboard; name = Base; path = Base.lproj/Main.storyboard; sourceTree = "<group>"; };
		50A0AC212387A8730077FB5C /* Assets.xcassets */ = {isa = PBXFileReference; lastKnownFileType = folder.assetcatalog; path = Assets.xcassets; sourceTree = "<group>"; };
		50A0AC242387A8730077FB5C /* Base */ = {isa = PBXFileReference; lastKnownFileType = file.storyboard; name = Base; path = Base.lproj/LaunchScreen.storyboard; sourceTree = "<group>"; };
		50A0AC262387A8730077FB5C /* Info.plist */ = {isa = PBXFileReference; lastKnownFileType = text.plist.xml; path = Info.plist; sourceTree = "<group>"; };
		50A0AC272387A8730077FB5C /* main.m */ = {isa = PBXFileReference; lastKnownFileType = sourcecode.c.objc; path = main.m; sourceTree = "<group>"; };
		50A0AC2D2387A8730077FB5C /* UITextFieldTextTests.xctest */ = {isa = PBXFileReference; explicitFileType = wrapper.cfbundle; includeInIndex = 0; path = UITextFieldTextTests.xctest; sourceTree = BUILT_PRODUCTS_DIR; };
		50A0AC312387A8730077FB5C /* UITextFieldTextTests.m */ = {isa = PBXFileReference; lastKnownFileType = sourcecode.c.objc; path = UITextFieldTextTests.m; sourceTree = "<group>"; };
		50A0AC332387A8730077FB5C /* Info.plist */ = {isa = PBXFileReference; lastKnownFileType = text.plist.xml; path = Info.plist; sourceTree = "<group>"; };
		50A0AC382387A8730077FB5C /* UITextFieldTextUITests.xctest */ = {isa = PBXFileReference; explicitFileType = wrapper.cfbundle; includeInIndex = 0; path = UITextFieldTextUITests.xctest; sourceTree = BUILT_PRODUCTS_DIR; };
		50A0AC3C2387A8730077FB5C /* UITextFieldTextUITests.m */ = {isa = PBXFileReference; lastKnownFileType = sourcecode.c.objc; path = UITextFieldTextUITests.m; sourceTree = "<group>"; };
		50A0AC3E2387A8730077FB5C /* Info.plist */ = {isa = PBXFileReference; lastKnownFileType = text.plist.xml; path = Info.plist; sourceTree = "<group>"; };
/* End PBXFileReference section */

/* Begin PBXFrameworksBuildPhase section */
		50A0AC0F2387A8720077FB5C /* Frameworks */ = {
			isa = PBXFrameworksBuildPhase;
			buildActionMask = 2147483647;
			files = (
			);
			runOnlyForDeploymentPostprocessing = 0;
		};
		50A0AC2A2387A8730077FB5C /* Frameworks */ = {
			isa = PBXFrameworksBuildPhase;
			buildActionMask = 2147483647;
			files = (
			);
			runOnlyForDeploymentPostprocessing = 0;
		};
		50A0AC352387A8730077FB5C /* Frameworks */ = {
			isa = PBXFrameworksBuildPhase;
			buildActionMask = 2147483647;
			files = (
			);
			runOnlyForDeploymentPostprocessing = 0;
		};
/* End PBXFrameworksBuildPhase section */

/* Begin PBXGroup section */
		50A0AC092387A8720077FB5C = {
			isa = PBXGroup;
			children = (
				50A0AC142387A8720077FB5C /* UITextFieldText */,
				50A0AC302387A8730077FB5C /* UITextFieldTextTests */,
				50A0AC3B2387A8730077FB5C /* UITextFieldTextUITests */,
				50A0AC132387A8720077FB5C /* Products */,
			);
			sourceTree = "<group>";
		};
		50A0AC132387A8720077FB5C /* Products */ = {
			isa = PBXGroup;
			children = (
				50A0AC122387A8720077FB5C /* UITextFieldText.app */,
				50A0AC2D2387A8730077FB5C /* UITextFieldTextTests.xctest */,
				50A0AC382387A8730077FB5C /* UITextFieldTextUITests.xctest */,
			);
			name = Products;
			sourceTree = "<group>";
		};
		50A0AC142387A8720077FB5C /* UITextFieldText */ = {
			isa = PBXGroup;
			children = (
				50A0AC152387A8720077FB5C /* AppDelegate.h */,
				50A0AC162387A8720077FB5C /* AppDelegate.m */,
				50A0AC182387A8720077FB5C /* SceneDelegate.h */,
				50A0AC192387A8720077FB5C /* SceneDelegate.m */,
				50A0AC1B2387A8720077FB5C /* ViewController.h */,
				50A0AC1C2387A8720077FB5C /* ViewController.m */,
				50A0AC1E2387A8720077FB5C /* Main.storyboard */,
				50A0AC212387A8730077FB5C /* Assets.xcassets */,
				50A0AC232387A8730077FB5C /* LaunchScreen.storyboard */,
				50A0AC262387A8730077FB5C /* Info.plist */,
				50A0AC272387A8730077FB5C /* main.m */,
			);
			path = UITextFieldText;
			sourceTree = "<group>";
		};
		50A0AC302387A8730077FB5C /* UITextFieldTextTests */ = {
			isa = PBXGroup;
			children = (
				50A0AC312387A8730077FB5C /* UITextFieldTextTests.m */,
				50A0AC332387A8730077FB5C /* Info.plist */,
			);
			path = UITextFieldTextTests;
			sourceTree = "<group>";
		};
		50A0AC3B2387A8730077FB5C /* UITextFieldTextUITests */ = {
			isa = PBXGroup;
			children = (
				50A0AC3C2387A8730077FB5C /* UITextFieldTextUITests.m */,
				50A0AC3E2387A8730077FB5C /* Info.plist */,
			);
			path = UITextFieldTextUITests;
			sourceTree = "<group>";
		};
/* End PBXGroup section */

/* Begin PBXNativeTarget section */
		50A0AC112387A8720077FB5C /* UITextFieldText */ = {
			isa = PBXNativeTarget;
			buildConfigurationList = 50A0AC412387A8730077FB5C /* Build configuration list for PBXNativeTarget "UITextFieldText" */;
			buildPhases = (
				50A0AC0E2387A8720077FB5C /* Sources */,
				50A0AC0F2387A8720077FB5C /* Frameworks */,
				50A0AC102387A8720077FB5C /* Resources */,
			);
			buildRules = (
			);
			dependencies = (
			);
			name = UITextFieldText;
			productName = UITextFieldText;
			productReference = 50A0AC122387A8720077FB5C /* UITextFieldText.app */;
			productType = "com.apple.product-type.application";
		};
		50A0AC2C2387A8730077FB5C /* UITextFieldTextTests */ = {
			isa = PBXNativeTarget;
			buildConfigurationList = 50A0AC442387A8730077FB5C /* Build configuration list for PBXNativeTarget "UITextFieldTextTests" */;
			buildPhases = (
				50A0AC292387A8730077FB5C /* Sources */,
				50A0AC2A2387A8730077FB5C /* Frameworks */,
				50A0AC2B2387A8730077FB5C /* Resources */,
			);
			buildRules = (
			);
			dependencies = (
				50A0AC2F2387A8730077FB5C /* PBXTargetDependency */,
			);
			name = UITextFieldTextTests;
			productName = UITextFieldTextTests;
			productReference = 50A0AC2D2387A8730077FB5C /* UITextFieldTextTests.xctest */;
			productType = "com.apple.product-type.bundle.unit-test";
		};
		50A0AC372387A8730077FB5C /* UITextFieldTextUITests */ = {
			isa = PBXNativeTarget;
			buildConfigurationList = 50A0AC472387A8730077FB5C /* Build configuration list for PBXNativeTarget "UITextFieldTextUITests" */;
			buildPhases = (
				50A0AC342387A8730077FB5C /* Sources */,
				50A0AC352387A8730077FB5C /* Frameworks */,
				50A0AC362387A8730077FB5C /* Resources */,
			);
			buildRules = (
			);
			dependencies = (
				50A0AC3A2387A8730077FB5C /* PBXTargetDependency */,
			);
			name = UITextFieldTextUITests;
			productName = UITextFieldTextUITests;
			productReference = 50A0AC382387A8730077FB5C /* UITextFieldTextUITests.xctest */;
			productType = "com.apple.product-type.bundle.ui-testing";
		};
/* End PBXNativeTarget section */

/* Begin PBXProject section */
		50A0AC0A2387A8720077FB5C /* Project object */ = {
			isa = PBXProject;
			attributes = {
				LastUpgradeCheck = 1120;
				ORGANIZATIONNAME = "史宗运";
				TargetAttributes = {
					50A0AC112387A8720077FB5C = {
						CreatedOnToolsVersion = 11.2.1;
					};
					50A0AC2C2387A8730077FB5C = {
						CreatedOnToolsVersion = 11.2.1;
						TestTargetID = 50A0AC112387A8720077FB5C;
					};
					50A0AC372387A8730077FB5C = {
						CreatedOnToolsVersion = 11.2.1;
						TestTargetID = 50A0AC112387A8720077FB5C;
					};
				};
			};
			buildConfigurationList = 50A0AC0D2387A8720077FB5C /* Build configuration list for PBXProject "UITextFieldText" */;
			compatibilityVersion = "Xcode 9.3";
			developmentRegion = en;
			hasScannedForEncodings = 0;
			knownRegions = (
				en,
				Base,
			);
			mainGroup = 50A0AC092387A8720077FB5C;
			productRefGroup = 50A0AC132387A8720077FB5C /* Products */;
			projectDirPath = "";
			projectRoot = "";
			targets = (
				50A0AC112387A8720077FB5C /* UITextFieldText */,
				50A0AC2C2387A8730077FB5C /* UITextFieldTextTests */,
				50A0AC372387A8730077FB5C /* UITextFieldTextUITests */,
			);
		};
/* End PBXProject section */

/* Begin PBXResourcesBuildPhase section */
		50A0AC102387A8720077FB5C /* Resources */ = {
			isa = PBXResourcesBuildPhase;
			buildActionMask = 2147483647;
			files = (
				50A0AC252387A8730077FB5C /* LaunchScreen.storyboard in Resources */,
				50A0AC222387A8730077FB5C /* Assets.xcassets in Resources */,
				50A0AC202387A8720077FB5C /* Main.storyboard in Resources */,
			);
			runOnlyForDeploymentPostprocessing = 0;
		};
		50A0AC2B2387A8730077FB5C /* Resources */ = {
			isa = PBXResourcesBuildPhase;
			buildActionMask = 2147483647;
			files = (
			);
			runOnlyForDeploymentPostprocessing = 0;
		};
		50A0AC362387A8730077FB5C /* Resources */ = {
			isa = PBXResourcesBuildPhase;
			buildActionMask = 2147483647;
			files = (
			);
			runOnlyForDeploymentPostprocessing = 0;
		};
/* End PBXResourcesBuildPhase section */

/* Begin PBXSourcesBuildPhase section */
		50A0AC0E2387A8720077FB5C /* Sources */ = {
			isa = PBXSourcesBuildPhase;
			buildActionMask = 2147483647;
			files = (
				50A0AC1D2387A8720077FB5C /* ViewController.m in Sources */,
				50A0AC172387A8720077FB5C /* AppDelegate.m in Sources */,
				50A0AC282387A8730077FB5C /* main.m in Sources */,
				50A0AC1A2387A8720077FB5C /* SceneDelegate.m in Sources */,
			);
			runOnlyForDeploymentPostprocessing = 0;
		};
		50A0AC292387A8730077FB5C /* Sources */ = {
			isa = PBXSourcesBuildPhase;
			buildActionMask = 2147483647;
			files = (
				50A0AC322387A8730077FB5C /* UITextFieldTextTests.m in Sources */,
			);
			runOnlyForDeploymentPostprocessing = 0;
		};
		50A0AC342387A8730077FB5C /* Sources */ = {
			isa = PBXSourcesBuildPhase;
			buildActionMask = 2147483647;
			files = (
				50A0AC3D2387A8730077FB5C /* UITextFieldTextUITests.m in Sources */,
			);
			runOnlyForDeploymentPostprocessing = 0;
		};
/* End PBXSourcesBuildPhase section */

/* Begin PBXTargetDependency section */
		50A0AC2F2387A8730077FB5C /* PBXTargetDependency */ = {
			isa = PBXTargetDependency;
			target = 50A0AC112387A8720077FB5C /* UITextFieldText */;
			targetProxy = 50A0AC2E2387A8730077FB5C /* PBXContainerItemProxy */;
		};
		50A0AC3A2387A8730077FB5C /* PBXTargetDependency */ = {
			isa = PBXTargetDependency;
			target = 50A0AC112387A8720077FB5C /* UITextFieldText */;
			targetProxy = 50A0AC392387A8730077FB5C /* PBXContainerItemProxy */;
		};
/* End PBXTargetDependency section */

/* Begin PBXVariantGroup section */
		50A0AC1E2387A8720077FB5C /* Main.storyboard */ = {
			isa = PBXVariantGroup;
			children = (
				50A0AC1F2387A8720077FB5C /* Base */,
			);
			name = Main.storyboard;
			sourceTree = "<group>";
		};
		50A0AC232387A8730077FB5C /* LaunchScreen.storyboard */ = {
			isa = PBXVariantGroup;
			children = (
				50A0AC242387A8730077FB5C /* Base */,
			);
			name = LaunchScreen.storyboard;
			sourceTree = "<group>";
		};
/* End PBXVariantGroup section */

/* Begin XCBuildConfiguration section */
		50A0AC3F2387A8730077FB5C /* Debug */ = {
			isa = XCBuildConfiguration;
			buildSettings = {
				ALWAYS_SEARCH_USER_PATHS = NO;
				CLANG_ANALYZER_NONNULL = YES;
				CLANG_ANALYZER_NUMBER_OBJECT_CONVERSION = YES_AGGRESSIVE;
				CLANG_CXX_LANGUAGE_STANDARD = "gnu++14";
				CLANG_CXX_LIBRARY = "libc++";
				CLANG_ENABLE_MODULES = YES;
				CLANG_ENABLE_OBJC_ARC = YES;
				CLANG_ENABLE_OBJC_WEAK = YES;
				CLANG_WARN_BLOCK_CAPTURE_AUTORELEASING = YES;
				CLANG_WARN_BOOL_CONVERSION = YES;
				CLANG_WARN_COMMA = YES;
				CLANG_WARN_CONSTANT_CONVERSION = YES;
				CLANG_WARN_DEPRECATED_OBJC_IMPLEMENTATIONS = YES;
				CLANG_WARN_DIRECT_OBJC_ISA_USAGE = YES_ERROR;
				CLANG_WARN_DOCUMENTATION_COMMENTS = YES;
				CLANG_WARN_EMPTY_BODY = YES;
				CLANG_WARN_ENUM_CONVERSION = YES;
				CLANG_WARN_INFINITE_RECURSION = YES;
				CLANG_WARN_INT_CONVERSION = YES;
				CLANG_WARN_NON_LITERAL_NULL_CONVERSION = YES;
				CLANG_WARN_OBJC_IMPLICIT_RETAIN_SELF = YES;
				CLANG_WARN_OBJC_LITERAL_CONVERSION = YES;
				CLANG_WARN_OBJC_ROOT_CLASS = YES_ERROR;
				CLANG_WARN_RANGE_LOOP_ANALYSIS = YES;
				CLANG_WARN_STRICT_PROTOTYPES = YES;
				CLANG_WARN_SUSPICIOUS_MOVE = YES;
				CLANG_WARN_UNGUARDED_AVAILABILITY = YES_AGGRESSIVE;
				CLANG_WARN_UNREACHABLE_CODE = YES;
				CLANG_WARN__DUPLICATE_METHOD_MATCH = YES;
				COPY_PHASE_STRIP = NO;
				DEBUG_INFORMATION_FORMAT = dwarf;
				ENABLE_STRICT_OBJC_MSGSEND = YES;
				ENABLE_TESTABILITY = YES;
				GCC_C_LANGUAGE_STANDARD = gnu11;
				GCC_DYNAMIC_NO_PIC = NO;
				GCC_NO_COMMON_BLOCKS = YES;
				GCC_OPTIMIZATION_LEVEL = 0;
				GCC_PREPROCESSOR_DEFINITIONS = (
					"DEBUG=1",
					"$(inherited)",
				);
				GCC_WARN_64_TO_32_BIT_CONVERSION = YES;
				GCC_WARN_ABOUT_RETURN_TYPE = YES_ERROR;
				GCC_WARN_UNDECLARED_SELECTOR = YES;
				GCC_WARN_UNINITIALIZED_AUTOS = YES_AGGRESSIVE;
				GCC_WARN_UNUSED_FUNCTION = YES;
				GCC_WARN_UNUSED_VARIABLE = YES;
				IPHONEOS_DEPLOYMENT_TARGET = 13.2;
				MTL_ENABLE_DEBUG_INFO = INCLUDE_SOURCE;
				MTL_FAST_MATH = YES;
				ONLY_ACTIVE_ARCH = YES;
				SDKROOT = iphoneos;
			};
			name = Debug;
		};
		50A0AC402387A8730077FB5C /* Release */ = {
			isa = XCBuildConfiguration;
			buildSettings = {
				ALWAYS_SEARCH_USER_PATHS = NO;
				CLANG_ANALYZER_NONNULL = YES;
				CLANG_ANALYZER_NUMBER_OBJECT_CONVERSION = YES_AGGRESSIVE;
				CLANG_CXX_LANGUAGE_STANDARD = "gnu++14";
				CLANG_CXX_LIBRARY = "libc++";
				CLANG_ENABLE_MODULES = YES;
				CLANG_ENABLE_OBJC_ARC = YES;
				CLANG_ENABLE_OBJC_WEAK = YES;
				CLANG_WARN_BLOCK_CAPTURE_AUTORELEASING = YES;
				CLANG_WARN_BOOL_CONVERSION = YES;
				CLANG_WARN_COMMA = YES;
				CLANG_WARN_CONSTANT_CONVERSION = YES;
				CLANG_WARN_DEPRECATED_OBJC_IMPLEMENTATIONS = YES;
				CLANG_WARN_DIRECT_OBJC_ISA_USAGE = YES_ERROR;
				CLANG_WARN_DOCUMENTATION_COMMENTS = YES;
				CLANG_WARN_EMPTY_BODY = YES;
				CLANG_WARN_ENUM_CONVERSION = YES;
				CLANG_WARN_INFINITE_RECURSION = YES;
				CLANG_WARN_INT_CONVERSION = YES;
				CLANG_WARN_NON_LITERAL_NULL_CONVERSION = YES;
				CLANG_WARN_OBJC_IMPLICIT_RETAIN_SELF = YES;
				CLANG_WARN_OBJC_LITERAL_CONVERSION = YES;
				CLANG_WARN_OBJC_ROOT_CLASS = YES_ERROR;
				CLANG_WARN_RANGE_LOOP_ANALYSIS = YES;
				CLANG_WARN_STRICT_PROTOTYPES = YES;
				CLANG_WARN_SUSPICIOUS_MOVE = YES;
				CLANG_WARN_UNGUARDED_AVAILABILITY = YES_AGGRESSIVE;
				CLANG_WARN_UNREACHABLE_CODE = YES;
				CLANG_WARN__DUPLICATE_METHOD_MATCH = YES;
				COPY_PHASE_STRIP = NO;
				DEBUG_INFORMATION_FORMAT = "dwarf-with-dsym";
				ENABLE_NS_ASSERTIONS = NO;
				ENABLE_STRICT_OBJC_MSGSEND = YES;
				GCC_C_LANGUAGE_STANDARD = gnu11;
				GCC_NO_COMMON_BLOCKS = YES;
				GCC_WARN_64_TO_32_BIT_CONVERSION = YES;
				GCC_WARN_ABOUT_RETURN_TYPE = YES_ERROR;
				GCC_WARN_UNDECLARED_SELECTOR = YES;
				GCC_WARN_UNINITIALIZED_AUTOS = YES_AGGRESSIVE;
				GCC_WARN_UNUSED_FUNCTION = YES;
				GCC_WARN_UNUSED_VARIABLE = YES;
				IPHONEOS_DEPLOYMENT_TARGET = 13.2;
				MTL_ENABLE_DEBUG_INFO = NO;
				MTL_FAST_MATH = YES;
				SDKROOT = iphoneos;
				VALIDATE_PRODUCT = YES;
			};
			name = Release;
		};
		50A0AC422387A8730077FB5C /* Debug */ = {
			isa = XCBuildConfiguration;
			buildSettings = {
				ASSETCATALOG_COMPILER_APPICON_NAME = AppIcon;
				CODE_SIGN_STYLE = Automatic;
				INFOPLIST_FILE = UITextFieldText/Info.plist;
				LD_RUNPATH_SEARCH_PATHS = (
					"$(inherited)",
					"@executable_path/Frameworks",
				);
				PRODUCT_BUNDLE_IDENTIFIER = szy.UITextFieldText;
				PRODUCT_NAME = "$(TARGET_NAME)";
				TARGETED_DEVICE_FAMILY = "1,2";
			};
			name = Debug;
		};
		50A0AC432387A8730077FB5C /* Release */ = {
			isa = XCBuildConfiguration;
			buildSettings = {
				ASSETCATALOG_COMPILER_APPICON_NAME = AppIcon;
				CODE_SIGN_STYLE = Automatic;
				INFOPLIST_FILE = UITextFieldText/Info.plist;
				LD_RUNPATH_SEARCH_PATHS = (
					"$(inherited)",
					"@executable_path/Frameworks",
				);
				PRODUCT_BUNDLE_IDENTIFIER = szy.UITextFieldText;
				PRODUCT_NAME = "$(TARGET_NAME)";
				TARGETED_DEVICE_FAMILY = "1,2";
			};
			name = Release;
		};
		50A0AC452387A8730077FB5C /* Debug */ = {
			isa = XCBuildConfiguration;
			buildSettings = {
				BUNDLE_LOADER = "$(TEST_HOST)";
				CODE_SIGN_STYLE = Automatic;
				INFOPLIST_FILE = UITextFieldTextTests/Info.plist;
				IPHONEOS_DEPLOYMENT_TARGET = 13.2;
				LD_RUNPATH_SEARCH_PATHS = (
					"$(inherited)",
					"@executable_path/Frameworks",
					"@loader_path/Frameworks",
				);
				PRODUCT_BUNDLE_IDENTIFIER = szy.UITextFieldTextTests;
				PRODUCT_NAME = "$(TARGET_NAME)";
				TARGETED_DEVICE_FAMILY = "1,2";
				TEST_HOST = "$(BUILT_PRODUCTS_DIR)/UITextFieldText.app/UITextFieldText";
			};
			name = Debug;
		};
		50A0AC462387A8730077FB5C /* Release */ = {
			isa = XCBuildConfiguration;
			buildSettings = {
				BUNDLE_LOADER = "$(TEST_HOST)";
				CODE_SIGN_STYLE = Automatic;
				INFOPLIST_FILE = UITextFieldTextTests/Info.plist;
				IPHONEOS_DEPLOYMENT_TARGET = 13.2;
				LD_RUNPATH_SEARCH_PATHS = (
					"$(inherited)",
					"@executable_path/Frameworks",
					"@loader_path/Frameworks",
				);
				PRODUCT_BUNDLE_IDENTIFIER = szy.UITextFieldTextTests;
				PRODUCT_NAME = "$(TARGET_NAME)";
				TARGETED_DEVICE_FAMILY = "1,2";
				TEST_HOST = "$(BUILT_PRODUCTS_DIR)/UITextFieldText.app/UITextFieldText";
			};
			name = Release;
		};
		50A0AC482387A8730077FB5C /* Debug */ = {
			isa = XCBuildConfiguration;
			buildSettings = {
				CODE_SIGN_STYLE = Automatic;
				INFOPLIST_FILE = UITextFieldTextUITests/Info.plist;
				LD_RUNPATH_SEARCH_PATHS = (
					"$(inherited)",
					"@executable_path/Frameworks",
					"@loader_path/Frameworks",
				);
				PRODUCT_BUNDLE_IDENTIFIER = szy.UITextFieldTextUITests;
				PRODUCT_NAME = "$(TARGET_NAME)";
				TARGETED_DEVICE_FAMILY = "1,2";
				TEST_TARGET_NAME = UITextFieldText;
			};
			name = Debug;
		};
		50A0AC492387A8730077FB5C /* Release */ = {
			isa = XCBuildConfiguration;
			buildSettings = {
				CODE_SIGN_STYLE = Automatic;
				INFOPLIST_FILE = UITextFieldTextUITests/Info.plist;
				LD_RUNPATH_SEARCH_PATHS = (
					"$(inherited)",
					"@executable_path/Frameworks",
					"@loader_path/Frameworks",
				);
				PRODUCT_BUNDLE_IDENTIFIER = szy.UITextFieldTextUITests;
				PRODUCT_NAME = "$(TARGET_NAME)";
				TARGETED_DEVICE_FAMILY = "1,2";
				TEST_TARGET_NAME = UITextFieldText;
			};
			name = Release;
		};
/* End XCBuildConfiguration section */

/* Begin XCConfigurationList section */
		50A0AC0D2387A8720077FB5C /* Build configuration list for PBXProject "UITextFieldText" */ = {
			isa = XCConfigurationList;
			buildConfigurations = (
				50A0AC3F2387A8730077FB5C /* Debug */,
				50A0AC402387A8730077FB5C /* Release */,
			);
			defaultConfigurationIsVisible = 0;
			defaultConfigurationName = Release;
		};
		50A0AC412387A8730077FB5C /* Build configuration list for PBXNativeTarget "UITextFieldText" */ = {
			isa = XCConfigurationList;
			buildConfigurations = (
				50A0AC422387A8730077FB5C /* Debug */,
				50A0AC432387A8730077FB5C /* Release */,
			);
			defaultConfigurationIsVisible = 0;
			defaultConfigurationName = Release;
		};
		50A0AC442387A8730077FB5C /* Build configuration list for PBXNativeTarget "UITextFieldTextTests" */ = {
			isa = XCConfigurationList;
			buildConfigurations = (
				50A0AC452387A8730077FB5C /* Debug */,
				50A0AC462387A8730077FB5C /* Release */,
			);
			defaultConfigurationIsVisible = 0;
			defaultConfigurationName = Release;
		};
		50A0AC472387A8730077FB5C /* Build configuration list for PBXNativeTarget "UITextFieldTextUITests" */ = {
			isa = XCConfigurationList;
			buildConfigurations = (
				50A0AC482387A8730077FB5C /* Debug */,
				50A0AC492387A8730077FB5C /* Release */,
			);
			defaultConfigurationIsVisible = 0;
			defaultConfigurationName = Release;
		};
/* End XCConfigurationList section */
	};
	rootObject = 50A0AC0A2387A8720077FB5C /* Project object */;
}
